
Microsoft Visual Studio Solution File, Format Version 12.00
# Visual Studio Version 17
VisualStudioVersion = 17.7.34202.233
MinimumVisualStudioVersion = 10.0.40219.1
Project("{9A19103F-16F7-4668-BE54-9A1E7A4F7556}") = "InfoNBAAdmin", "InfoNBAAdmin.csproj", "{C2CD8338-9C34-4834-986A-99984BFAB6CF}"
EndProject
Project("{54435603-DBB4-11D2-8724-00A0C9A8B90C}") = "Setup1", "..\Setup1\Setup1.vdproj", "{6DD7E9C5-7CD5-4947-A766-6B312447C4C3}"
EndProject
Global
	GlobalSection(SolutionConfigurationPlatforms) = preSolution
		Debug|Any CPU = Debug|Any CPU
		Release|Any CPU = Release|Any CPU
	EndGlobalSection
	GlobalSection(ProjectConfigurationPlatforms) = postSolution
		{C2CD8338-9C34-4834-986A-99984BFAB6CF}.Debug|Any CPU.ActiveCfg = Debug|Any CPU
		{C2CD8338-9C34-4834-986A-99984BFAB6CF}.Debug|Any CPU.Build.0 = Debug|Any CPU
		{C2CD8338-9C34-4834-986A-99984BFAB6CF}.Release|Any CPU.ActiveCfg = Release|Any CPU
		{C2CD8338-9C34-4834-986A-99984BFAB6CF}.Release|Any CPU.Build.0 = Release|Any CPU
		{6DD7E9C5-7CD5-4947-A766-6B312447C4C3}.Debug|Any CPU.ActiveCfg = Debug
		{6DD7E9C5-7CD5-4947-A766-6B312447C4C3}.Release|Any CPU.ActiveCfg = Release
	EndGlobalSection
	GlobalSection(SolutionProperties) = preSolution
		HideSolutionNode = FALSE
	EndGlobalSection
	GlobalSection(ExtensibilityGlobals) = postSolution
		SolutionGuid = {63A7A781-62AC-4FA0-A08F-86310F5FC970}
	EndGlobalSection
EndGlobal
