
Microsoft Visual Studio Solution File, Format Version 12.00
# Visual Studio Version 17
VisualStudioVersion = 17.7.34202.233
MinimumVisualStudioVersion = 10.0.40219.1
Project("{9A19103F-16F7-4668-BE54-9A1E7A4F7556}") = "InfoNBA", "InfoNBA.csproj", "{A474948A-7DC0-4D64-8353-1978BA8D9EB0}"
EndProject
Project("{54435603-DBB4-11D2-8724-00A0C9A8B90C}") = "Setup1", "..\Setup1\Setup1.vdproj", "{26C8B926-8090-46AB-814A-C44DF4F276D8}"
EndProject
Global
	GlobalSection(SolutionConfigurationPlatforms) = preSolution
		Debug|Any CPU = Debug|Any CPU
		Release|Any CPU = Release|Any CPU
	EndGlobalSection
	GlobalSection(ProjectConfigurationPlatforms) = postSolution
		{A474948A-7DC0-4D64-8353-1978BA8D9EB0}.Debug|Any CPU.ActiveCfg = Debug|Any CPU
		{A474948A-7DC0-4D64-8353-1978BA8D9EB0}.Debug|Any CPU.Build.0 = Debug|Any CPU
		{A474948A-7DC0-4D64-8353-1978BA8D9EB0}.Release|Any CPU.ActiveCfg = Release|Any CPU
		{A474948A-7DC0-4D64-8353-1978BA8D9EB0}.Release|Any CPU.Build.0 = Release|Any CPU
		{26C8B926-8090-46AB-814A-C44DF4F276D8}.Debug|Any CPU.ActiveCfg = Debug
		{26C8B926-8090-46AB-814A-C44DF4F276D8}.Release|Any CPU.ActiveCfg = Release
	EndGlobalSection
	GlobalSection(SolutionProperties) = preSolution
		HideSolutionNode = FALSE
	EndGlobalSection
	GlobalSection(ExtensibilityGlobals) = postSolution
		SolutionGuid = {125C1794-C0BB-44E7-83E7-BD2B173575B8}
	EndGlobalSection
EndGlobal
